
Microsoft Visual Studio Solution File, Format Version 12.00
# Visual Studio Version 16
VisualStudioVersion = 16.0.31624.102
MinimumVisualStudioVersion = 10.0.40219.1
Project("{FAE04EC0-301F-11D3-BF4B-00C04F79EFBC}") = "web_baiTapLon", "web_baiTapLon\web_baiTapLon.csproj", "{43384D08-2763-4BDF-BB02-364AB579AFF4}"
EndProject
Global
	GlobalSection(SolutionConfigurationPlatforms) = preSolution
		Debug|Any CPU = Debug|Any CPU
		Release|Any CPU = Release|Any CPU
	EndGlobalSection
	GlobalSection(ProjectConfigurationPlatforms) = postSolution
		{43384D08-2763-4BDF-BB02-364AB579AFF4}.Debug|Any CPU.ActiveCfg = Debug|Any CPU
		{43384D08-2763-4BDF-BB02-364AB579AFF4}.Debug|Any CPU.Build.0 = Debug|Any CPU
		{43384D08-2763-4BDF-BB02-364AB579AFF4}.Release|Any CPU.ActiveCfg = Release|Any CPU
		{43384D08-2763-4BDF-BB02-364AB579AFF4}.Release|Any CPU.Build.0 = Release|Any CPU
	EndGlobalSection
	GlobalSection(SolutionProperties) = preSolution
		HideSolutionNode = FALSE
	EndGlobalSection
	GlobalSection(ExtensibilityGlobals) = postSolution
		SolutionGuid = {AEF51D8C-04B5-49A8-B098-FE184DCE191B}
	EndGlobalSection
EndGlobal
